
Microsoft Visual Studio Solution File, Format Version 12.00
# Visual Studio 15
VisualStudioVersion = 15.0.28307.572
MinimumVisualStudioVersion = 10.0.40219.1
Project("{FAE04EC0-301F-11D3-BF4B-00C04F79EFBC}") = "OJServer", "OJServer\OJServer.csproj", "{422A780C-DBC0-4991-AE7F-61EED3C4F834}"
EndProject
Global
	GlobalSection(SolutionConfigurationPlatforms) = preSolution
		Debug|Any CPU = Debug|Any CPU
		Release|Any CPU = Release|Any CPU
	EndGlobalSection
	GlobalSection(ProjectConfigurationPlatforms) = postSolution
		{422A780C-DBC0-4991-AE7F-61EED3C4F834}.Debug|Any CPU.ActiveCfg = Debug|Any CPU
		{422A780C-DBC0-4991-AE7F-61EED3C4F834}.Debug|Any CPU.Build.0 = Debug|Any CPU
		{422A780C-DBC0-4991-AE7F-61EED3C4F834}.Release|Any CPU.ActiveCfg = Release|Any CPU
		{422A780C-DBC0-4991-AE7F-61EED3C4F834}.Release|Any CPU.Build.0 = Release|Any CPU
	EndGlobalSection
	GlobalSection(SolutionProperties) = preSolution
		HideSolutionNode = FALSE
	EndGlobalSection
	GlobalSection(ExtensibilityGlobals) = postSolution
		SolutionGuid = {A1587717-426F-46FA-8806-B820D69D4586}
	EndGlobalSection
EndGlobal
